
Microsoft Visual Studio Solution File, Format Version 12.00
# Visual Studio Version 17
VisualStudioVersion = 17.13.35828.75 d17.13
MinimumVisualStudioVersion = 10.0.40219.1
Project("{F184B08F-C81C-45F6-A57F-5ABD9991F28F}") = "costumerental", "costumerental\costumerental.vbproj", "{D8CC2A84-63A1-49B5-9B15-4648B0ECDAC3}"
EndProject
Global
	GlobalSection(SolutionConfigurationPlatforms) = preSolution
		Debug|Any CPU = Debug|Any CPU
		Release|Any CPU = Release|Any CPU
	EndGlobalSection
	GlobalSection(ProjectConfigurationPlatforms) = postSolution
		{D8CC2A84-63A1-49B5-9B15-4648B0ECDAC3}.Debug|Any CPU.ActiveCfg = Debug|Any CPU
		{D8CC2A84-63A1-49B5-9B15-4648B0ECDAC3}.Debug|Any CPU.Build.0 = Debug|Any CPU
		{D8CC2A84-63A1-49B5-9B15-4648B0ECDAC3}.Release|Any CPU.ActiveCfg = Release|Any CPU
		{D8CC2A84-63A1-49B5-9B15-4648B0ECDAC3}.Release|Any CPU.Build.0 = Release|Any CPU
	EndGlobalSection
	GlobalSection(SolutionProperties) = preSolution
		HideSolutionNode = FALSE
	EndGlobalSection
	GlobalSection(ExtensibilityGlobals) = postSolution
		SolutionGuid = {CB37ACDA-C6EF-4836-9FA2-60DDBEA4C271}
	EndGlobalSection
EndGlobal
